
Microsoft Visual Studio Solution File, Format Version 12.00
# Visual Studio Version 17
VisualStudioVersion = 17.0.32112.339
MinimumVisualStudioVersion = 10.0.40219.1
Project("{FAE04EC0-301F-11D3-BF4B-00C04F79EFBC}") = "Bai5_KeThua", "Bai5_KeThua.csproj", "{BF37D2B1-5EC7-4039-825D-F3E22DCD451E}"
EndProject
Global
	GlobalSection(SolutionConfigurationPlatforms) = preSolution
		Debug|Any CPU = Debug|Any CPU
		Release|Any CPU = Release|Any CPU
	EndGlobalSection
	GlobalSection(ProjectConfigurationPlatforms) = postSolution
		{BF37D2B1-5EC7-4039-825D-F3E22DCD451E}.Debug|Any CPU.ActiveCfg = Debug|Any CPU
		{BF37D2B1-5EC7-4039-825D-F3E22DCD451E}.Debug|Any CPU.Build.0 = Debug|Any CPU
		{BF37D2B1-5EC7-4039-825D-F3E22DCD451E}.Release|Any CPU.ActiveCfg = Release|Any CPU
		{BF37D2B1-5EC7-4039-825D-F3E22DCD451E}.Release|Any CPU.Build.0 = Release|Any CPU
	EndGlobalSection
	GlobalSection(SolutionProperties) = preSolution
		HideSolutionNode = FALSE
	EndGlobalSection
	GlobalSection(ExtensibilityGlobals) = postSolution
		SolutionGuid = {4FDB18BF-648B-4A2C-9B58-BA202380D03A}
	EndGlobalSection
EndGlobal
