
Microsoft Visual Studio Solution File, Format Version 12.00
# Visual Studio Version 17
VisualStudioVersion = 17.0.32112.339
MinimumVisualStudioVersion = 10.0.40219.1
Project("{FAE04EC0-301F-11D3-BF4B-00C04F79EFBC}") = "IO_Sample_Program", "IO_Sample_Program.csproj", "{D93629FD-4895-41FF-A92A-A5D140769116}"
EndProject
Global
	GlobalSection(SolutionConfigurationPlatforms) = preSolution
		Debug|Any CPU = Debug|Any CPU
		Release|Any CPU = Release|Any CPU
	EndGlobalSection
	GlobalSection(ProjectConfigurationPlatforms) = postSolution
		{D93629FD-4895-41FF-A92A-A5D140769116}.Debug|Any CPU.ActiveCfg = Debug|Any CPU
		{D93629FD-4895-41FF-A92A-A5D140769116}.Debug|Any CPU.Build.0 = Debug|Any CPU
		{D93629FD-4895-41FF-A92A-A5D140769116}.Release|Any CPU.ActiveCfg = Release|Any CPU
		{D93629FD-4895-41FF-A92A-A5D140769116}.Release|Any CPU.Build.0 = Release|Any CPU
	EndGlobalSection
	GlobalSection(SolutionProperties) = preSolution
		HideSolutionNode = FALSE
	EndGlobalSection
	GlobalSection(ExtensibilityGlobals) = postSolution
		SolutionGuid = {0D0E2311-A902-42E8-90B6-20D46B65B2CA}
	EndGlobalSection
EndGlobal
