
Microsoft Visual Studio Solution File, Format Version 12.00
# Visual Studio Version 17
VisualStudioVersion = 17.0.32112.339
MinimumVisualStudioVersion = 10.0.40219.1
Project("{FAE04EC0-301F-11D3-BF4B-00C04F79EFBC}") = "Bai1_Class", "Bai1_Class.csproj", "{DBFE5BD8-FA78-47F0-A35C-3BEA9E840CFF}"
EndProject
Global
	GlobalSection(SolutionConfigurationPlatforms) = preSolution
		Debug|Any CPU = Debug|Any CPU
		Release|Any CPU = Release|Any CPU
	EndGlobalSection
	GlobalSection(ProjectConfigurationPlatforms) = postSolution
		{DBFE5BD8-FA78-47F0-A35C-3BEA9E840CFF}.Debug|Any CPU.ActiveCfg = Debug|Any CPU
		{DBFE5BD8-FA78-47F0-A35C-3BEA9E840CFF}.Debug|Any CPU.Build.0 = Debug|Any CPU
		{DBFE5BD8-FA78-47F0-A35C-3BEA9E840CFF}.Release|Any CPU.ActiveCfg = Release|Any CPU
		{DBFE5BD8-FA78-47F0-A35C-3BEA9E840CFF}.Release|Any CPU.Build.0 = Release|Any CPU
	EndGlobalSection
	GlobalSection(SolutionProperties) = preSolution
		HideSolutionNode = FALSE
	EndGlobalSection
	GlobalSection(ExtensibilityGlobals) = postSolution
		SolutionGuid = {D834CED6-F589-45E8-BFE3-A0CF7A89130D}
	EndGlobalSection
EndGlobal
